
Microsoft Visual Studio Solution File, Format Version 12.00
# Visual Studio 15
VisualStudioVersion = 15.0.28307.421
MinimumVisualStudioVersion = 10.0.40219.1
Project("{FAE04EC0-301F-11D3-BF4B-00C04F79EFBC}") = "Collections", "Collections\Collections.csproj", "{937CFBDE-9569-4863-B937-09EA8647C7CE}"
EndProject
Global
	GlobalSection(SolutionConfigurationPlatforms) = preSolution
		Debug|Any CPU = Debug|Any CPU
		Release|Any CPU = Release|Any CPU
	EndGlobalSection
	GlobalSection(ProjectConfigurationPlatforms) = postSolution
		{937CFBDE-9569-4863-B937-09EA8647C7CE}.Debug|Any CPU.ActiveCfg = Debug|Any CPU
		{937CFBDE-9569-4863-B937-09EA8647C7CE}.Debug|Any CPU.Build.0 = Debug|Any CPU
		{937CFBDE-9569-4863-B937-09EA8647C7CE}.Release|Any CPU.ActiveCfg = Release|Any CPU
		{937CFBDE-9569-4863-B937-09EA8647C7CE}.Release|Any CPU.Build.0 = Release|Any CPU
	EndGlobalSection
	GlobalSection(SolutionProperties) = preSolution
		HideSolutionNode = FALSE
	EndGlobalSection
	GlobalSection(ExtensibilityGlobals) = postSolution
		SolutionGuid = {9C57FB1F-31A6-402C-881A-E2C552F0AFB9}
	EndGlobalSection
EndGlobal
