
Microsoft Visual Studio Solution File, Format Version 12.00
# Visual Studio 15
VisualStudioVersion = 15.0.28307.421
MinimumVisualStudioVersion = 10.0.40219.1
Project("{FAE04EC0-301F-11D3-BF4B-00C04F79EFBC}") = "tourney1_practice", "tourney1_practice\tourney1_practice.csproj", "{52C179D6-994D-47F3-98BB-5B0BBD0FC9A3}"
EndProject
Global
	GlobalSection(SolutionConfigurationPlatforms) = preSolution
		Debug|Any CPU = Debug|Any CPU
		Release|Any CPU = Release|Any CPU
	EndGlobalSection
	GlobalSection(ProjectConfigurationPlatforms) = postSolution
		{52C179D6-994D-47F3-98BB-5B0BBD0FC9A3}.Debug|Any CPU.ActiveCfg = Debug|Any CPU
		{52C179D6-994D-47F3-98BB-5B0BBD0FC9A3}.Debug|Any CPU.Build.0 = Debug|Any CPU
		{52C179D6-994D-47F3-98BB-5B0BBD0FC9A3}.Release|Any CPU.ActiveCfg = Release|Any CPU
		{52C179D6-994D-47F3-98BB-5B0BBD0FC9A3}.Release|Any CPU.Build.0 = Release|Any CPU
	EndGlobalSection
	GlobalSection(SolutionProperties) = preSolution
		HideSolutionNode = FALSE
	EndGlobalSection
	GlobalSection(ExtensibilityGlobals) = postSolution
		SolutionGuid = {83E3384A-27B8-476C-8832-1CBEEF8504D1}
	EndGlobalSection
EndGlobal
