
Microsoft Visual Studio Solution File, Format Version 12.00
# Visual Studio 15
VisualStudioVersion = 15.0.28307.489
MinimumVisualStudioVersion = 10.0.40219.1
Project("{FAE04EC0-301F-11D3-BF4B-00C04F79EFBC}") = "MyWcfConsumer", "MyWcfConsumer\MyWcfConsumer.csproj", "{9648E9C1-4D45-42B6-B0D8-3480E8805E87}"
EndProject
Global
	GlobalSection(SolutionConfigurationPlatforms) = preSolution
		Debug|Any CPU = Debug|Any CPU
		Release|Any CPU = Release|Any CPU
	EndGlobalSection
	GlobalSection(ProjectConfigurationPlatforms) = postSolution
		{9648E9C1-4D45-42B6-B0D8-3480E8805E87}.Debug|Any CPU.ActiveCfg = Debug|Any CPU
		{9648E9C1-4D45-42B6-B0D8-3480E8805E87}.Debug|Any CPU.Build.0 = Debug|Any CPU
		{9648E9C1-4D45-42B6-B0D8-3480E8805E87}.Release|Any CPU.ActiveCfg = Release|Any CPU
		{9648E9C1-4D45-42B6-B0D8-3480E8805E87}.Release|Any CPU.Build.0 = Release|Any CPU
	EndGlobalSection
	GlobalSection(SolutionProperties) = preSolution
		HideSolutionNode = FALSE
	EndGlobalSection
	GlobalSection(ExtensibilityGlobals) = postSolution
		SolutionGuid = {FEA4A51A-69E6-4F10-8ED3-7FC5560EDA85}
	EndGlobalSection
EndGlobal
