
Microsoft Visual Studio Solution File, Format Version 12.00
# Visual Studio 15
VisualStudioVersion = 15.0.28307.421
MinimumVisualStudioVersion = 10.0.40219.1
Project("{9A19103F-16F7-4668-BE54-9A1E7A4F7556}") = "MoviesSite.App", "MoviesSite.App\MoviesSite.App.csproj", "{176519A2-F680-4129-8064-C6F534AD13D4}"
EndProject
Project("{9A19103F-16F7-4668-BE54-9A1E7A4F7556}") = "MoviesSite.BLL", "MoviesSite.BLL\MoviesSite.BLL.csproj", "{1BAA831A-7B08-4258-ACEA-D4792869794B}"
EndProject
Project("{FAE04EC0-301F-11D3-BF4B-00C04F79EFBC}") = "MoviesSite.DataAccess", "MoviesSite.DataAccess\MoviesSite.DataAccess.csproj", "{C5021EAE-E5A6-4C68-A879-F6CD9EDE893B}"
EndProject
Global
	GlobalSection(SolutionConfigurationPlatforms) = preSolution
		Debug|Any CPU = Debug|Any CPU
		Release|Any CPU = Release|Any CPU
	EndGlobalSection
	GlobalSection(ProjectConfigurationPlatforms) = postSolution
		{176519A2-F680-4129-8064-C6F534AD13D4}.Debug|Any CPU.ActiveCfg = Debug|Any CPU
		{176519A2-F680-4129-8064-C6F534AD13D4}.Debug|Any CPU.Build.0 = Debug|Any CPU
		{176519A2-F680-4129-8064-C6F534AD13D4}.Release|Any CPU.ActiveCfg = Release|Any CPU
		{176519A2-F680-4129-8064-C6F534AD13D4}.Release|Any CPU.Build.0 = Release|Any CPU
		{1BAA831A-7B08-4258-ACEA-D4792869794B}.Debug|Any CPU.ActiveCfg = Debug|Any CPU
		{1BAA831A-7B08-4258-ACEA-D4792869794B}.Debug|Any CPU.Build.0 = Debug|Any CPU
		{1BAA831A-7B08-4258-ACEA-D4792869794B}.Release|Any CPU.ActiveCfg = Release|Any CPU
		{1BAA831A-7B08-4258-ACEA-D4792869794B}.Release|Any CPU.Build.0 = Release|Any CPU
		{C5021EAE-E5A6-4C68-A879-F6CD9EDE893B}.Debug|Any CPU.ActiveCfg = Debug|Any CPU
		{C5021EAE-E5A6-4C68-A879-F6CD9EDE893B}.Debug|Any CPU.Build.0 = Debug|Any CPU
		{C5021EAE-E5A6-4C68-A879-F6CD9EDE893B}.Release|Any CPU.ActiveCfg = Release|Any CPU
		{C5021EAE-E5A6-4C68-A879-F6CD9EDE893B}.Release|Any CPU.Build.0 = Release|Any CPU
	EndGlobalSection
	GlobalSection(SolutionProperties) = preSolution
		HideSolutionNode = FALSE
	EndGlobalSection
	GlobalSection(ExtensibilityGlobals) = postSolution
		SolutionGuid = {23516891-1B16-4213-8705-E43429007EDD}
	EndGlobalSection
EndGlobal
