
Microsoft Visual Studio Solution File, Format Version 12.00
# Visual Studio 15
VisualStudioVersion = 15.0.28307.489
MinimumVisualStudioVersion = 10.0.40219.1
Project("{FAE04EC0-301F-11D3-BF4B-00C04F79EFBC}") = "MySoapService", "MySoapService\MySoapService.csproj", "{0BDA8799-F7F5-48D7-940A-C71AF583B562}"
EndProject
Global
	GlobalSection(SolutionConfigurationPlatforms) = preSolution
		Debug|Any CPU = Debug|Any CPU
		Release|Any CPU = Release|Any CPU
	EndGlobalSection
	GlobalSection(ProjectConfigurationPlatforms) = postSolution
		{0BDA8799-F7F5-48D7-940A-C71AF583B562}.Debug|Any CPU.ActiveCfg = Debug|Any CPU
		{0BDA8799-F7F5-48D7-940A-C71AF583B562}.Debug|Any CPU.Build.0 = Debug|Any CPU
		{0BDA8799-F7F5-48D7-940A-C71AF583B562}.Release|Any CPU.ActiveCfg = Release|Any CPU
		{0BDA8799-F7F5-48D7-940A-C71AF583B562}.Release|Any CPU.Build.0 = Release|Any CPU
	EndGlobalSection
	GlobalSection(SolutionProperties) = preSolution
		HideSolutionNode = FALSE
	EndGlobalSection
	GlobalSection(ExtensibilityGlobals) = postSolution
		SolutionGuid = {BAD4A1EB-1E87-42A0-B2DC-D930AAA9F52A}
	EndGlobalSection
EndGlobal
