
Microsoft Visual Studio Solution File, Format Version 12.00
# Visual Studio 15
VisualStudioVersion = 15.0.28307.489
MinimumVisualStudioVersion = 10.0.40219.1
Project("{9A19103F-16F7-4668-BE54-9A1E7A4F7556}") = "CharacterRestService", "CharacterRestService\CharacterRestService.csproj", "{28BABD85-B606-4378-83B5-BF71187E45D9}"
EndProject
Project("{FAE04EC0-301F-11D3-BF4B-00C04F79EFBC}") = "CharacterRestDAL", "CharacterRestDAL\CharacterRestDAL.csproj", "{C3D7B628-1DC6-463F-AA5C-C7AB19C22D6F}"
EndProject
Global
	GlobalSection(SolutionConfigurationPlatforms) = preSolution
		Debug|Any CPU = Debug|Any CPU
		Release|Any CPU = Release|Any CPU
	EndGlobalSection
	GlobalSection(ProjectConfigurationPlatforms) = postSolution
		{28BABD85-B606-4378-83B5-BF71187E45D9}.Debug|Any CPU.ActiveCfg = Debug|Any CPU
		{28BABD85-B606-4378-83B5-BF71187E45D9}.Debug|Any CPU.Build.0 = Debug|Any CPU
		{28BABD85-B606-4378-83B5-BF71187E45D9}.Release|Any CPU.ActiveCfg = Release|Any CPU
		{28BABD85-B606-4378-83B5-BF71187E45D9}.Release|Any CPU.Build.0 = Release|Any CPU
		{C3D7B628-1DC6-463F-AA5C-C7AB19C22D6F}.Debug|Any CPU.ActiveCfg = Debug|Any CPU
		{C3D7B628-1DC6-463F-AA5C-C7AB19C22D6F}.Debug|Any CPU.Build.0 = Debug|Any CPU
		{C3D7B628-1DC6-463F-AA5C-C7AB19C22D6F}.Release|Any CPU.ActiveCfg = Release|Any CPU
		{C3D7B628-1DC6-463F-AA5C-C7AB19C22D6F}.Release|Any CPU.Build.0 = Release|Any CPU
	EndGlobalSection
	GlobalSection(SolutionProperties) = preSolution
		HideSolutionNode = FALSE
	EndGlobalSection
	GlobalSection(ExtensibilityGlobals) = postSolution
		SolutionGuid = {3B45CBDF-B2C5-4680-94EB-DD6FD362F4DA}
	EndGlobalSection
EndGlobal
